
Microsoft Visual Studio Solution File, Format Version 12.00
# Visual Studio 15
VisualStudioVersion = 15.0.28010.2046
MinimumVisualStudioVersion = 10.0.40219.1
Project("{8BC9CEB8-8B4A-11D0-8D11-00A0C91BC942}") = "ReSoW", "ReSoW\ReSoW.vcxproj", "{4CA617CF-D0C8-4EBC-94DF-5244CFD34C5D}"
EndProject
Global
	GlobalSection(SolutionConfigurationPlatforms) = preSolution
		Debug|x64 = Debug|x64
		Debug|x86 = Debug|x86
		Release|x64 = Release|x64
		Release|x86 = Release|x86
	EndGlobalSection
	GlobalSection(ProjectConfigurationPlatforms) = postSolution
		{4CA617CF-D0C8-4EBC-94DF-5244CFD34C5D}.Debug|x64.ActiveCfg = Debug|x64
		{4CA617CF-D0C8-4EBC-94DF-5244CFD34C5D}.Debug|x64.Build.0 = Debug|x64
		{4CA617CF-D0C8-4EBC-94DF-5244CFD34C5D}.Debug|x86.ActiveCfg = Debug|Win32
		{4CA617CF-D0C8-4EBC-94DF-5244CFD34C5D}.Debug|x86.Build.0 = Debug|Win32
		{4CA617CF-D0C8-4EBC-94DF-5244CFD34C5D}.Release|x64.ActiveCfg = Release|x64
		{4CA617CF-D0C8-4EBC-94DF-5244CFD34C5D}.Release|x64.Build.0 = Release|x64
		{4CA617CF-D0C8-4EBC-94DF-5244CFD34C5D}.Release|x86.ActiveCfg = Release|Win32
		{4CA617CF-D0C8-4EBC-94DF-5244CFD34C5D}.Release|x86.Build.0 = Release|Win32
	EndGlobalSection
	GlobalSection(SolutionProperties) = preSolution
		HideSolutionNode = FALSE
	EndGlobalSection
	GlobalSection(ExtensibilityGlobals) = postSolution
		SolutionGuid = {6AA17AD9-1F39-41C5-80D7-5F99C6F6E9EF}
	EndGlobalSection
EndGlobal
